github.com/radenrishwan/hfs v0.0.6 h1:z+KdLoYL0UhaxhfEgBaqdR/ifUpaVu/REx6iiCfMC2s=
github.com/radenrishwan/hfs v0.0.6/go.mod h1:PE2zXYNiwc6+yP7qrM1SSH1d3YXWKorg+lCq4IqG1yE=
github.com/radenrishwan/hfs v0.0.7-0.20241029022316-7a69454de290 h1:AsbzrAZBCo5ND8iq3f3JfyV7XdbqUbWoGPIANDnGFIA=
github.com/radenrishwan/hfs v0.0.7-0.20241029022316-7a69454de290/go.mod h1:PE2zXYNiwc6+yP7qrM1SSH1d3YXWKorg+lCq4IqG1yE=
github.com/vmihailenco/msgpack/v5 v5.4.1 h1:cQriyiUvjTwOHg8QZaPihLWeRAAVoCpE00IUPn0Bjt8=
github.com/vmihailenco/msgpack/v5 v5.4.1/go.mod h1:GaZTsDaehaPpQVyxrf5mtQlH+pc21PIudVV/E3rRQok=
github.com/vmihailenco/tagparser/v2 v2.0.0 h1:y09buUbR+b5aycVFQs/g70pqKVZNBmxwAhO7/IwNM9g=
github.com/vmihailenco/tagparser/v2 v2.0.0/go.mod h1:Wri+At7QHww0WTrCBeu4J6bNtoV6mEfg5OIWRZA9qds=
